
Microsoft Visual Studio Solution File, Format Version 12.00
# Visual Studio Version 17
VisualStudioVersion = 17.3.32825.248
MinimumVisualStudioVersion = 10.0.40219.1
Project("{FAE04EC0-301F-11D3-BF4B-00C04F79EFBC}") = "ExceptionHandling", "ExceptionHandling\ExceptionHandling.csproj", "{B072A6CB-7B7B-4222-B0D2-48347A3CD690}"
EndProject
Global
	GlobalSection(SolutionConfigurationPlatforms) = preSolution
		Debug|Any CPU = Debug|Any CPU
		Release|Any CPU = Release|Any CPU
	EndGlobalSection
	GlobalSection(ProjectConfigurationPlatforms) = postSolution
		{B072A6CB-7B7B-4222-B0D2-48347A3CD690}.Debug|Any CPU.ActiveCfg = Debug|Any CPU
		{B072A6CB-7B7B-4222-B0D2-48347A3CD690}.Debug|Any CPU.Build.0 = Debug|Any CPU
		{B072A6CB-7B7B-4222-B0D2-48347A3CD690}.Release|Any CPU.ActiveCfg = Release|Any CPU
		{B072A6CB-7B7B-4222-B0D2-48347A3CD690}.Release|Any CPU.Build.0 = Release|Any CPU
	EndGlobalSection
	GlobalSection(SolutionProperties) = preSolution
		HideSolutionNode = FALSE
	EndGlobalSection
	GlobalSection(ExtensibilityGlobals) = postSolution
		SolutionGuid = {AD162315-6EC6-4E92-8A03-4E7385177333}
	EndGlobalSection
EndGlobal
