
Microsoft Visual Studio Solution File, Format Version 12.00
# Visual Studio Version 17
VisualStudioVersion = 17.3.32825.248
MinimumVisualStudioVersion = 10.0.40219.1
Project("{FAE04EC0-301F-11D3-BF4B-00C04F79EFBC}") = "Bankdetails", "Bankdetails\Bankdetails.csproj", "{8A407FA3-62FE-49C0-9E91-9ADC887F5801}"
EndProject
Global
	GlobalSection(SolutionConfigurationPlatforms) = preSolution
		Debug|Any CPU = Debug|Any CPU
		Release|Any CPU = Release|Any CPU
	EndGlobalSection
	GlobalSection(ProjectConfigurationPlatforms) = postSolution
		{8A407FA3-62FE-49C0-9E91-9ADC887F5801}.Debug|Any CPU.ActiveCfg = Debug|Any CPU
		{8A407FA3-62FE-49C0-9E91-9ADC887F5801}.Debug|Any CPU.Build.0 = Debug|Any CPU
		{8A407FA3-62FE-49C0-9E91-9ADC887F5801}.Release|Any CPU.ActiveCfg = Release|Any CPU
		{8A407FA3-62FE-49C0-9E91-9ADC887F5801}.Release|Any CPU.Build.0 = Release|Any CPU
	EndGlobalSection
	GlobalSection(SolutionProperties) = preSolution
		HideSolutionNode = FALSE
	EndGlobalSection
	GlobalSection(ExtensibilityGlobals) = postSolution
		SolutionGuid = {5F98AF47-F1ED-42B8-83EC-13434A39D3E7}
	EndGlobalSection
EndGlobal
